<?xml version="1.0" encoding="UTF-8" standalone="yes" ?>
<CodeBlocks_project_file>
	<FileVersion major="1" minor="6" />
	<Project>
		<Option title="vision" />
		<Option makefile_is_custom="1" />
		<Option pch_mode="2" />
		<Option compiler="gcc" />
		<Build>
			<Target title="vision">
				<Option output="exec" prefix_auto="1" extension_auto="1" />
				<Option type="1" />
				<Option compiler="gcc" />
			</Target>
		</Build>
		<Compiler>
			<Add option="-Wall" />
			<Add option="-fexceptions" />
		</Compiler>
		<Unit filename="Debug.h" />
		<Unit filename="Image.cpp" />
		<Unit filename="Image.h" />
		<Unit filename="PrintOpenglErrors.h" />
		<Unit filename="RessourcesManager.cpp" />
		<Unit filename="RessourcesManager.h" />
		<Unit filename="correspondance.h" />
		<Unit filename="fbo.cpp" />
		<Unit filename="fbo.hpp" />
		<Unit filename="fboexception.hpp" />
		<Unit filename="main.cpp" />
		<Unit filename="mosaic.cpp" />
		<Unit filename="mosaic.h" />
		<Unit filename="shader.cpp" />
		<Unit filename="shader.hpp" />
		<Unit filename="texture.cpp" />
		<Unit filename="texture.hpp" />
		<Unit filename="vec.cpp" />
		<Unit filename="vec.h" />
		<Extensions>
			<code_completion />
			<debugger />
		</Extensions>
	</Project>
</CodeBlocks_project_file>
